
Microsoft Visual Studio Solution File, Format Version 12.00
Project("{FAE04EC0-301F-11D3-BF4B-00C04F79EFBC}") = "MiraculousYouTubeMerger", "MiraculousYouTubeMerger\MiraculousYouTubeMerger.csproj", "{F6B1FCBE-52E8-4C16-A05B-93879B7C3A8F}"
EndProject
Project("{2150E333-8FDC-42A3-9474-1A3956D46DE8}") = "Solution Items", "Solution Items", "{B38F2EC0-C9DF-4630-9DF8-CE278BC23F55}"
	ProjectSection(SolutionItems) = preProject
		compose.yaml = compose.yaml
	EndProjectSection
EndProject
Global
	GlobalSection(SolutionConfigurationPlatforms) = preSolution
		Debug|Any CPU = Debug|Any CPU
		Release|Any CPU = Release|Any CPU
	EndGlobalSection
	GlobalSection(ProjectConfigurationPlatforms) = postSolution
		{F6B1FCBE-52E8-4C16-A05B-93879B7C3A8F}.Debug|Any CPU.ActiveCfg = Debug|Any CPU
		{F6B1FCBE-52E8-4C16-A05B-93879B7C3A8F}.Debug|Any CPU.Build.0 = Debug|Any CPU
		{F6B1FCBE-52E8-4C16-A05B-93879B7C3A8F}.Release|Any CPU.ActiveCfg = Release|Any CPU
		{F6B1FCBE-52E8-4C16-A05B-93879B7C3A8F}.Release|Any CPU.Build.0 = Release|Any CPU
	EndGlobalSection
EndGlobal
